
Microsoft Visual Studio Solution File, Format Version 12.00
# Visual Studio Version 17
VisualStudioVersion = 17.3.32519.111
MinimumVisualStudioVersion = 10.0.40219.1
Project("{9A19103F-16F7-4668-BE54-9A1E7A4F7556}") = "ConfigGenerator", "src\ConfigGenerator.csproj", "{CF82A15A-3DB3-414A-A235-00583091AC3D}"
EndProject
Project("{2150E333-8FDC-42A3-9474-1A3956D46DE8}") = "GithubActions", "GithubActions", "{83CE0D22-64EB-4868-9FE2-335F87E1F328}"
	ProjectSection(SolutionItems) = preProject
		.github\workflows\publish.yml = .github\workflows\publish.yml
	EndProjectSection
EndProject
Global
	GlobalSection(SolutionConfigurationPlatforms) = preSolution
		Debug|Any CPU = Debug|Any CPU
		Release|Any CPU = Release|Any CPU
	EndGlobalSection
	GlobalSection(ProjectConfigurationPlatforms) = postSolution
		{CF82A15A-3DB3-414A-A235-00583091AC3D}.Debug|Any CPU.ActiveCfg = Debug|Any CPU
		{CF82A15A-3DB3-414A-A235-00583091AC3D}.Debug|Any CPU.Build.0 = Debug|Any CPU
		{CF82A15A-3DB3-414A-A235-00583091AC3D}.Release|Any CPU.ActiveCfg = Release|Any CPU
		{CF82A15A-3DB3-414A-A235-00583091AC3D}.Release|Any CPU.Build.0 = Release|Any CPU
	EndGlobalSection
	GlobalSection(SolutionProperties) = preSolution
		HideSolutionNode = FALSE
	EndGlobalSection
	GlobalSection(ExtensibilityGlobals) = postSolution
		SolutionGuid = {6BE8D802-ECAB-446A-B94F-92279DFF0E92}
	EndGlobalSection
EndGlobal
